[[package]]
name = "hupper"
version = "1.10.3"
description = "Integrated process monitor for developing and reloading daemons."
category = "main"
optional = false
python-versions = ">=2.7,!=3.0.*,!=3.1.*,!=3.2.*,!=3.3.*"

[package.extras]
docs = ["watchdog", "sphinx", "pylons-sphinx-themes"]
testing = ["watchdog", "pytest", "pytest-cov", "mock"]

[[package]]
name = "jinja2"
version = "3.1.2"
description = "A very fast and expressive template engine."
category = "main"
optional = false
python-versions = ">=3.7"

[package.dependencies]
MarkupSafe = ">=2.0"

[package.extras]
i18n = ["Babel (>=2.7)"]

[[package]]
name = "markupsafe"
version = "2.1.1"
description = "Safely add untrusted strings to HTML/XML markup."
category = "main"
optional = false
python-versions = ">=3.7"

[[package]]
name = "pastedeploy"
version = "2.1.1"
description = "Load, configure, and compose WSGI applications and servers"
category = "main"
optional = false
python-versions = "*"

[package.extras]
paste = ["paste"]
docs = ["Sphinx (>=1.7.5)", "pylons-sphinx-themes"]

[[package]]
name = "plaster"
version = "1.0"
description = "A loader interface around multiple config file formats."
category = "main"
optional = false
python-versions = ">=2.7,!=3.0.*,!=3.1.*,!=3.2.*,!=3.3.*"

[package.extras]
docs = ["sphinx", "pylons-sphinx-themes"]
testing = ["pytest", "pytest-cov"]

[[package]]
name = "plaster-pastedeploy"
version = "0.7"
description = "A loader implementing the PasteDeploy syntax to be used by plaster."
category = "main"
optional = false
python-versions = ">=2.7,!=3.0.*,!=3.1.*,!=3.2.*,!=3.3.*"

[package.dependencies]
PasteDeploy = ">=2.0"
plaster = ">=0.5"

[package.extras]
testing = ["pytest", "pytest-cov"]

[[package]]
name = "player"
version = "0.6.1"
description = "Pyramid view layers"
category = "main"
optional = false
python-versions = "*"

[package.dependencies]
pyramid = ">=1.4"
pyramid_jinja2 = "*"

[[package]]
name = "playsound"
version = "1.3.0"
description = "Pure Python, cross platform, single function module with no dependencies for playing sounds."
category = "main"
optional = false
python-versions = "*"

[[package]]
name = "pyramid"
version = "2.0"
description = "The Pyramid Web Framework, a Pylons project"
category = "main"
optional = false
python-versions = ">=3.6"

[package.dependencies]
hupper = ">=1.5"
plaster = "*"
plaster-pastedeploy = "*"
translationstring = ">=0.4"
venusian = ">=1.0"
webob = ">=1.8.3"
"zope.deprecation" = ">=3.5.0"
"zope.interface" = ">=3.8.0"

[package.extras]
docs = ["Sphinx (>=3.0.0)", "docutils", "pylons-sphinx-themes (>=1.0.8)", "pylons-sphinx-latesturl", "repoze.sphinx.autointerface", "sphinx-copybutton", "sphinxcontrib-autoprogram"]
testing = ["webtest (>=1.3.1)", "zope.component (>=4.0)", "coverage", "pytest (>=5.4.2)", "pytest-cov"]

[[package]]
name = "pyramid-jinja2"
version = "2.10"
description = "Jinja2 template bindings for the Pyramid web framework"
category = "main"
optional = false
python-versions = ">=3.7.0"

[package.dependencies]
jinja2 = ">=2.5.0,<2.11.0 || >2.11.0,<2.11.1 || >2.11.1,<2.11.2 || >2.11.2"
markupsafe = "*"
pyramid = ">=1.3.0"
"zope.deprecation" = "*"

[package.extras]
docs = ["pylons-sphinx-themes (>=0.3)", "sphinx (>=1.7.5)"]
testing = ["webtest", "coverage", "pytest (>=5.4.2)", "pytest-cov"]

[[package]]
name = "translationstring"
version = "1.4"
description = "Utility library for i18n relied on by various Repoze and Pyramid packages"
category = "main"
optional = false
python-versions = "*"

[package.extras]
docs = ["Sphinx (>=1.3.1)", "docutils", "pylons-sphinx-themes"]

[[package]]
name = "venusian"
version = "3.0.0"
description = "A library for deferring decorator actions"
category = "main"
optional = false
python-versions = ">=3.5"

[package.extras]
docs = ["sphinx", "repoze.sphinx.autointerface"]
testing = ["pytest", "pytest-cov", "coverage"]

[[package]]
name = "webob"
version = "1.8.7"
description = "WSGI request and response object"
category = "main"
optional = false
python-versions = ">=2.7,!=3.0.*,!=3.1.*,!=3.2.*"

[package.extras]
docs = ["Sphinx (>=1.7.5)", "pylons-sphinx-themes"]
testing = ["pytest (>=3.1.0)", "coverage", "pytest-cov", "pytest-xdist"]

[[package]]
name = "zope.deprecation"
version = "4.4.0"
description = "Zope Deprecation Infrastructure"
category = "main"
optional = false
python-versions = "*"

[package.extras]
docs = ["sphinx"]
test = ["zope.testrunner"]

[[package]]
name = "zope.interface"
version = "5.4.0"
description = "Interfaces for Python"
category = "main"
optional = false
python-versions = ">=2.7, !=3.0.*, !=3.1.*, !=3.2.*, !=3.3.*, !=3.4.*"

[package.extras]
docs = ["sphinx", "repoze.sphinx.autointerface"]
test = ["coverage (>=5.0.3)", "zope.event", "zope.testing"]
testing = ["coverage (>=5.0.3)", "zope.event", "zope.testing"]

[metadata]
lock-version = "1.1"
python-versions = "^3.8"
content-hash = "4af262a57bd802e4ac0951e702281ab82467cadfda80108f574b2672f4684c2f"

[metadata.files]
hupper = []
jinja2 = []
markupsafe = []
pastedeploy = []
plaster = []
plaster-pastedeploy = []
player = []
playsound = []
pyramid = []
pyramid-jinja2 = []
translationstring = []
venusian = []
webob = []
"zope.deprecation" = []
"zope.interface" = []
